
Microsoft Visual Studio Solution File, Format Version 12.00
# Visual Studio Version 17
VisualStudioVersion = 17.0.31903.59
MinimumVisualStudioVersion = 10.0.40219.1
Project("{FAE04EC0-301F-11D3-BF4B-00C04F79EFBC}") = "EventManagement.Api", "EventManagement.Api\EventManagement.Api.csproj", "{D9560A86-8602-4939-805A-F7D7434E6310}"
EndProject
Project("{FAE04EC0-301F-11D3-BF4B-00C04F79EFBC}") = "EventManagement.Application", "EventManagement.Application\EventManagement.Application.csproj", "{3D32C9F4-7A1F-4B5D-84C4-1FCC8B5C1EF1}"
EndProject
Project("{FAE04EC0-301F-11D3-BF4B-00C04F79EFBC}") = "EventManagement.Domain", "EventManagement.Domain\EventManagement.Domain.csproj", "{BDC1CEDA-9B2C-4DDF-B041-1FAA952E737B}"
EndProject
Project("{FAE04EC0-301F-11D3-BF4B-00C04F79EFBC}") = "EventManagement.Infrastructure", "EventManagement.Infrastructure\EventManagement.Infrastructure.csproj", "{BA7864C0-B80A-48EA-AA12-881DA5A62518}"
EndProject
Global
	GlobalSection(SolutionConfigurationPlatforms) = preSolution
		Debug|Any CPU = Debug|Any CPU
		Debug|x64 = Debug|x64
		Debug|x86 = Debug|x86
		Release|Any CPU = Release|Any CPU
		Release|x64 = Release|x64
		Release|x86 = Release|x86
	EndGlobalSection
	GlobalSection(ProjectConfigurationPlatforms) = postSolution
		{D9560A86-8602-4939-805A-F7D7434E6310}.Debug|Any CPU.ActiveCfg = Debug|Any CPU
		{D9560A86-8602-4939-805A-F7D7434E6310}.Debug|Any CPU.Build.0 = Debug|Any CPU
		{D9560A86-8602-4939-805A-F7D7434E6310}.Release|Any CPU.ActiveCfg = Release|Any CPU
		{D9560A86-8602-4939-805A-F7D7434E6310}.Release|Any CPU.Build.0 = Release|Any CPU
		{3D32C9F4-7A1F-4B5D-84C4-1FCC8B5C1EF1}.Debug|Any CPU.ActiveCfg = Debug|Any CPU
		{3D32C9F4-7A1F-4B5D-84C4-1FCC8B5C1EF1}.Debug|Any CPU.Build.0 = Debug|Any CPU
		{3D32C9F4-7A1F-4B5D-84C4-1FCC8B5C1EF1}.Release|Any CPU.ActiveCfg = Release|Any CPU
		{3D32C9F4-7A1F-4B5D-84C4-1FCC8B5C1EF1}.Release|Any CPU.Build.0 = Release|Any CPU
		{BDC1CEDA-9B2C-4DDF-B041-1FAA952E737B}.Debug|Any CPU.ActiveCfg = Debug|Any CPU
		{BDC1CEDA-9B2C-4DDF-B041-1FAA952E737B}.Debug|Any CPU.Build.0 = Debug|Any CPU
		{BDC1CEDA-9B2C-4DDF-B041-1FAA952E737B}.Release|Any CPU.ActiveCfg = Release|Any CPU
		{BDC1CEDA-9B2C-4DDF-B041-1FAA952E737B}.Release|Any CPU.Build.0 = Release|Any CPU
		{BA7864C0-B80A-48EA-AA12-881DA5A62518}.Debug|Any CPU.ActiveCfg = Debug|Any CPU
		{BA7864C0-B80A-48EA-AA12-881DA5A62518}.Debug|Any CPU.Build.0 = Debug|Any CPU
		{BA7864C0-B80A-48EA-AA12-881DA5A62518}.Release|Any CPU.ActiveCfg = Release|Any CPU
		{BA7864C0-B80A-48EA-AA12-881DA5A62518}.Release|Any CPU.Build.0 = Release|Any CPU
	EndGlobalSection
	GlobalSection(SolutionProperties) = preSolution
		HideSolutionNode = FALSE
	EndGlobalSection
EndGlobal
