
Microsoft Visual Studio Solution File, Format Version 12.00
# Visual Studio Version 17
VisualStudioVersion = 17.0.31903.59
MinimumVisualStudioVersion = 10.0.40219.1
Project("{FAE04EC0-301F-11D3-BF4B-00C04F79EFBC}") = "FlightReservation.Api", "FlightReservation.Api\FlightReservation.Api.csproj", "{4184EF43-F3B2-4413-A771-C19125ECDE0B}"
EndProject
Project("{FAE04EC0-301F-11D3-BF4B-00C04F79EFBC}") = "FlightReservation.Application", "FlightReservation.Application\FlightReservation.Application.csproj", "{D6F3FDA1-F703-4A45-A0C8-068379DA6074}"
EndProject
Project("{FAE04EC0-301F-11D3-BF4B-00C04F79EFBC}") = "FlightReservation.Domain", "FlightReservation.Domain\FlightReservation.Domain.csproj", "{2BDCB758-53BC-472A-8AE1-A33D7251C4FB}"
EndProject
Project("{FAE04EC0-301F-11D3-BF4B-00C04F79EFBC}") = "FlightReservation.Infrastructure", "FlightReservation.Infrastructure\FlightReservation.Infrastructure.csproj", "{F4B75429-20AD-466F-A674-68515F9358D8}"
EndProject
Global
	GlobalSection(SolutionConfigurationPlatforms) = preSolution
		Debug|Any CPU = Debug|Any CPU
		Release|Any CPU = Release|Any CPU
	EndGlobalSection
	GlobalSection(SolutionProperties) = preSolution
		HideSolutionNode = FALSE
	EndGlobalSection
	GlobalSection(ProjectConfigurationPlatforms) = postSolution
		{4184EF43-F3B2-4413-A771-C19125ECDE0B}.Debug|Any CPU.ActiveCfg = Debug|Any CPU
		{4184EF43-F3B2-4413-A771-C19125ECDE0B}.Debug|Any CPU.Build.0 = Debug|Any CPU
		{4184EF43-F3B2-4413-A771-C19125ECDE0B}.Release|Any CPU.ActiveCfg = Release|Any CPU
		{4184EF43-F3B2-4413-A771-C19125ECDE0B}.Release|Any CPU.Build.0 = Release|Any CPU
		{D6F3FDA1-F703-4A45-A0C8-068379DA6074}.Debug|Any CPU.ActiveCfg = Debug|Any CPU
		{D6F3FDA1-F703-4A45-A0C8-068379DA6074}.Debug|Any CPU.Build.0 = Debug|Any CPU
		{D6F3FDA1-F703-4A45-A0C8-068379DA6074}.Release|Any CPU.ActiveCfg = Release|Any CPU
		{D6F3FDA1-F703-4A45-A0C8-068379DA6074}.Release|Any CPU.Build.0 = Release|Any CPU
		{2BDCB758-53BC-472A-8AE1-A33D7251C4FB}.Debug|Any CPU.ActiveCfg = Debug|Any CPU
		{2BDCB758-53BC-472A-8AE1-A33D7251C4FB}.Debug|Any CPU.Build.0 = Debug|Any CPU
		{2BDCB758-53BC-472A-8AE1-A33D7251C4FB}.Release|Any CPU.ActiveCfg = Release|Any CPU
		{2BDCB758-53BC-472A-8AE1-A33D7251C4FB}.Release|Any CPU.Build.0 = Release|Any CPU
		{F4B75429-20AD-466F-A674-68515F9358D8}.Debug|Any CPU.ActiveCfg = Debug|Any CPU
		{F4B75429-20AD-466F-A674-68515F9358D8}.Debug|Any CPU.Build.0 = Debug|Any CPU
		{F4B75429-20AD-466F-A674-68515F9358D8}.Release|Any CPU.ActiveCfg = Release|Any CPU
		{F4B75429-20AD-466F-A674-68515F9358D8}.Release|Any CPU.Build.0 = Release|Any CPU
	EndGlobalSection
EndGlobal
